
Microsoft Visual Studio Solution File, Format Version 12.00
# Visual Studio Version 17
VisualStudioVersion = 17.0.31919.166
MinimumVisualStudioVersion = 10.0.40219.1
Project("{FAE04EC0-301F-11D3-BF4B-00C04F79EFBC}") = "lab_07", "lab_07\lab_07.csproj", "{1F6FB1F2-4E88-4646-98B8-3CE9C3364C7B}"
EndProject
Global
	GlobalSection(SolutionConfigurationPlatforms) = preSolution
		Debug|Any CPU = Debug|Any CPU
		Release|Any CPU = Release|Any CPU
	EndGlobalSection
	GlobalSection(ProjectConfigurationPlatforms) = postSolution
		{1F6FB1F2-4E88-4646-98B8-3CE9C3364C7B}.Debug|Any CPU.ActiveCfg = Debug|Any CPU
		{1F6FB1F2-4E88-4646-98B8-3CE9C3364C7B}.Debug|Any CPU.Build.0 = Debug|Any CPU
		{1F6FB1F2-4E88-4646-98B8-3CE9C3364C7B}.Release|Any CPU.ActiveCfg = Release|Any CPU
		{1F6FB1F2-4E88-4646-98B8-3CE9C3364C7B}.Release|Any CPU.Build.0 = Release|Any CPU
	EndGlobalSection
	GlobalSection(SolutionProperties) = preSolution
		HideSolutionNode = FALSE
	EndGlobalSection
	GlobalSection(ExtensibilityGlobals) = postSolution
		SolutionGuid = {D001D291-F19B-453C-BF4E-D5A1BC094774}
	EndGlobalSection
EndGlobal
